
Microsoft Visual Studio Solution File, Format Version 12.00
# Visual Studio 2015
Project("{FAE04EC0-301F-11D3-BF4B-00C04F79EFBC}") = "ViveCapture.CSharp", "ViveCapture.CSharp.csproj", "{3205BE2F-31E1-4311-0594-D0610B5DB240}"
EndProject
Project("{FAE04EC0-301F-11D3-BF4B-00C04F79EFBC}") = "ViveCapture.CSharp.Editor", "ViveCapture.CSharp.Editor.csproj", "{480A7BE3-4946-471F-2EE6-EDFD3277D1A8}"
EndProject
Global
	GlobalSection(SolutionConfigurationPlatforms) = preSolution
		Debug|Any CPU = Debug|Any CPU
		Release|Any CPU = Release|Any CPU
	EndGlobalSection
	GlobalSection(ProjectConfigurationPlatforms) = postSolution
		{3205BE2F-31E1-4311-0594-D0610B5DB240}.Debug|Any CPU.ActiveCfg = Debug|Any CPU
		{3205BE2F-31E1-4311-0594-D0610B5DB240}.Debug|Any CPU.Build.0 = Debug|Any CPU
		{3205BE2F-31E1-4311-0594-D0610B5DB240}.Release|Any CPU.ActiveCfg = Release|Any CPU
		{3205BE2F-31E1-4311-0594-D0610B5DB240}.Release|Any CPU.Build.0 = Release|Any CPU
		{480A7BE3-4946-471F-2EE6-EDFD3277D1A8}.Debug|Any CPU.ActiveCfg = Debug|Any CPU
		{480A7BE3-4946-471F-2EE6-EDFD3277D1A8}.Debug|Any CPU.Build.0 = Debug|Any CPU
		{480A7BE3-4946-471F-2EE6-EDFD3277D1A8}.Release|Any CPU.ActiveCfg = Release|Any CPU
		{480A7BE3-4946-471F-2EE6-EDFD3277D1A8}.Release|Any CPU.Build.0 = Release|Any CPU
	EndGlobalSection
	GlobalSection(SolutionProperties) = preSolution
		HideSolutionNode = FALSE
	EndGlobalSection
EndGlobal
